
Microsoft Visual Studio Solution File, Format Version 12.00
# Visual Studio Version 17
VisualStudioVersion = 17.0.31903.59
MinimumVisualStudioVersion = 10.0.40219.1
Project("{2150E333-8FDC-42A3-9474-1A3956D46DE8}") = "src", "src", "{D718525C-E39A-4BBD-9661-661E26B3839F}"
EndProject
Project("{FAE04EC0-301F-11D3-BF4B-00C04F79EFBC}") = "CVGenerate.Core", "src\CVGenerate.Core\CVGenerate.Core.csproj", "{6C0561B3-6B01-4FA6-885E-0B1974F692D6}"
EndProject
Project("{FAE04EC0-301F-11D3-BF4B-00C04F79EFBC}") = "CVGenerate.Shared", "src\CVGenerate.Shared\CVGenerate.Shared.csproj", "{C593F8C1-1806-4EA4-A1F0-F22364E0EF6A}"
EndProject
Project("{FAE04EC0-301F-11D3-BF4B-00C04F79EFBC}") = "CVGenerate.Infrastructure", "src\CVGenerate.Infrastructure\CVGenerate.Infrastructure.csproj", "{7D545DD2-D59B-4D03-9667-230ECEA96BF6}"
EndProject
Project("{FAE04EC0-301F-11D3-BF4B-00C04F79EFBC}") = "CVGenerate.Application", "src\CVGenerate.Application\CVGenerate.Application.csproj", "{8E19AC74-D968-4EB9-8D39-5ABB98FDB30E}"
EndProject
Project("{FAE04EC0-301F-11D3-BF4B-00C04F79EFBC}") = "CVGenerate.API", "src\CVGenerate.API\CVGenerate.API.csproj", "{5758E6E6-859E-4814-9F1C-2872EFA35C49}"
EndProject
Project("{FAE04EC0-301F-11D3-BF4B-00C04F79EFBC}") = "CVGenerate.UI", "src\CVGenerate.UI\CVGenerate.UI.csproj", "{FB5F90B6-8BA4-4CA3-B30D-0609F00A1535}"
EndProject
Project("{2150E333-8FDC-42A3-9474-1A3956D46DE8}") = "tests", "tests", "{D58F3952-72A4-42A0-BD73-D135592D1D32}"
EndProject
Project("{FAE04EC0-301F-11D3-BF4B-00C04F79EFBC}") = "CVGenerate.API.Tests", "tests\CVGenerate.API.Tests\CVGenerate.API.Tests.csproj", "{A74ECBC4-F23D-4E41-9995-57EFA855C017}"
EndProject
Project("{FAE04EC0-301F-11D3-BF4B-00C04F79EFBC}") = "CVGenerate.Application.Tests", "tests\CVGenerate.Application.Tests\CVGenerate.Application.Tests.csproj", "{473EA02A-E93B-4B8F-AA5B-29AA17D4953E}"
EndProject
Project("{FAE04EC0-301F-11D3-BF4B-00C04F79EFBC}") = "CVGenerate.Infrastructure.Tests", "tests\CVGenerate.Infrastructure.Tests\CVGenerate.Infrastructure.Tests.csproj", "{1228F087-D86E-4611-A514-3A4AA293D7CA}"
EndProject
Global
	GlobalSection(SolutionConfigurationPlatforms) = preSolution
		Debug|Any CPU = Debug|Any CPU
		Release|Any CPU = Release|Any CPU
	EndGlobalSection
	GlobalSection(SolutionProperties) = preSolution
		HideSolutionNode = FALSE
	EndGlobalSection
	GlobalSection(ProjectConfigurationPlatforms) = postSolution
		{6C0561B3-6B01-4FA6-885E-0B1974F692D6}.Debug|Any CPU.ActiveCfg = Debug|Any CPU
		{6C0561B3-6B01-4FA6-885E-0B1974F692D6}.Debug|Any CPU.Build.0 = Debug|Any CPU
		{6C0561B3-6B01-4FA6-885E-0B1974F692D6}.Release|Any CPU.ActiveCfg = Release|Any CPU
		{6C0561B3-6B01-4FA6-885E-0B1974F692D6}.Release|Any CPU.Build.0 = Release|Any CPU
		{C593F8C1-1806-4EA4-A1F0-F22364E0EF6A}.Debug|Any CPU.ActiveCfg = Debug|Any CPU
		{C593F8C1-1806-4EA4-A1F0-F22364E0EF6A}.Debug|Any CPU.Build.0 = Debug|Any CPU
		{C593F8C1-1806-4EA4-A1F0-F22364E0EF6A}.Release|Any CPU.ActiveCfg = Release|Any CPU
		{C593F8C1-1806-4EA4-A1F0-F22364E0EF6A}.Release|Any CPU.Build.0 = Release|Any CPU
		{7D545DD2-D59B-4D03-9667-230ECEA96BF6}.Debug|Any CPU.ActiveCfg = Debug|Any CPU
		{7D545DD2-D59B-4D03-9667-230ECEA96BF6}.Debug|Any CPU.Build.0 = Debug|Any CPU
		{7D545DD2-D59B-4D03-9667-230ECEA96BF6}.Release|Any CPU.ActiveCfg = Release|Any CPU
		{7D545DD2-D59B-4D03-9667-230ECEA96BF6}.Release|Any CPU.Build.0 = Release|Any CPU
		{8E19AC74-D968-4EB9-8D39-5ABB98FDB30E}.Debug|Any CPU.ActiveCfg = Debug|Any CPU
		{8E19AC74-D968-4EB9-8D39-5ABB98FDB30E}.Debug|Any CPU.Build.0 = Debug|Any CPU
		{8E19AC74-D968-4EB9-8D39-5ABB98FDB30E}.Release|Any CPU.ActiveCfg = Release|Any CPU
		{8E19AC74-D968-4EB9-8D39-5ABB98FDB30E}.Release|Any CPU.Build.0 = Release|Any CPU
		{5758E6E6-859E-4814-9F1C-2872EFA35C49}.Debug|Any CPU.ActiveCfg = Debug|Any CPU
		{5758E6E6-859E-4814-9F1C-2872EFA35C49}.Debug|Any CPU.Build.0 = Debug|Any CPU
		{5758E6E6-859E-4814-9F1C-2872EFA35C49}.Release|Any CPU.ActiveCfg = Release|Any CPU
		{5758E6E6-859E-4814-9F1C-2872EFA35C49}.Release|Any CPU.Build.0 = Release|Any CPU
		{FB5F90B6-8BA4-4CA3-B30D-0609F00A1535}.Debug|Any CPU.ActiveCfg = Debug|Any CPU
		{FB5F90B6-8BA4-4CA3-B30D-0609F00A1535}.Debug|Any CPU.Build.0 = Debug|Any CPU
		{FB5F90B6-8BA4-4CA3-B30D-0609F00A1535}.Release|Any CPU.ActiveCfg = Release|Any CPU
		{FB5F90B6-8BA4-4CA3-B30D-0609F00A1535}.Release|Any CPU.Build.0 = Release|Any CPU
		{A74ECBC4-F23D-4E41-9995-57EFA855C017}.Debug|Any CPU.ActiveCfg = Debug|Any CPU
		{A74ECBC4-F23D-4E41-9995-57EFA855C017}.Debug|Any CPU.Build.0 = Debug|Any CPU
		{A74ECBC4-F23D-4E41-9995-57EFA855C017}.Release|Any CPU.ActiveCfg = Release|Any CPU
		{A74ECBC4-F23D-4E41-9995-57EFA855C017}.Release|Any CPU.Build.0 = Release|Any CPU
		{473EA02A-E93B-4B8F-AA5B-29AA17D4953E}.Debug|Any CPU.ActiveCfg = Debug|Any CPU
		{473EA02A-E93B-4B8F-AA5B-29AA17D4953E}.Debug|Any CPU.Build.0 = Debug|Any CPU
		{473EA02A-E93B-4B8F-AA5B-29AA17D4953E}.Release|Any CPU.ActiveCfg = Release|Any CPU
		{473EA02A-E93B-4B8F-AA5B-29AA17D4953E}.Release|Any CPU.Build.0 = Release|Any CPU
		{1228F087-D86E-4611-A514-3A4AA293D7CA}.Debug|Any CPU.ActiveCfg = Debug|Any CPU
		{1228F087-D86E-4611-A514-3A4AA293D7CA}.Debug|Any CPU.Build.0 = Debug|Any CPU
		{1228F087-D86E-4611-A514-3A4AA293D7CA}.Release|Any CPU.ActiveCfg = Release|Any CPU
		{1228F087-D86E-4611-A514-3A4AA293D7CA}.Release|Any CPU.Build.0 = Release|Any CPU
	EndGlobalSection
	GlobalSection(NestedProjects) = preSolution
		{6C0561B3-6B01-4FA6-885E-0B1974F692D6} = {D718525C-E39A-4BBD-9661-661E26B3839F}
		{C593F8C1-1806-4EA4-A1F0-F22364E0EF6A} = {D718525C-E39A-4BBD-9661-661E26B3839F}
		{7D545DD2-D59B-4D03-9667-230ECEA96BF6} = {D718525C-E39A-4BBD-9661-661E26B3839F}
		{8E19AC74-D968-4EB9-8D39-5ABB98FDB30E} = {D718525C-E39A-4BBD-9661-661E26B3839F}
		{5758E6E6-859E-4814-9F1C-2872EFA35C49} = {D718525C-E39A-4BBD-9661-661E26B3839F}
		{FB5F90B6-8BA4-4CA3-B30D-0609F00A1535} = {D718525C-E39A-4BBD-9661-661E26B3839F}
		{A74ECBC4-F23D-4E41-9995-57EFA855C017} = {D58F3952-72A4-42A0-BD73-D135592D1D32}
		{473EA02A-E93B-4B8F-AA5B-29AA17D4953E} = {D58F3952-72A4-42A0-BD73-D135592D1D32}
		{1228F087-D86E-4611-A514-3A4AA293D7CA} = {D58F3952-72A4-42A0-BD73-D135592D1D32}
	EndGlobalSection
EndGlobal
